<?xml version="1.0" encoding="utf-8"?>
<Project ToolsVersion="4.0" xmlns="http://schemas.microsoft.com/developer/msbuild/2003">
  <ItemGroup>
    <Filter Include="Source Files">
      <UniqueIdentifier>{4FC737F1-C7A5-4376-A066-2A32D752A2FF}</UniqueIdentifier>
      <Extensions>cpp;c;cc;cxx;def;odl;idl;hpj;bat;asm;asmx</Extensions>
    </Filter>
    <Filter Include="Header Files">
      <UniqueIdentifier>{93995380-89BD-4b04-88EB-625FBE52EBFB}</UniqueIdentifier>
      <Extensions>h;hh;hpp;hxx;hm;inl;inc;xsd</Extensions>
    </Filter>
    <Filter Include="Resource Files">
      <UniqueIdentifier>{67DA6AB6-F800-4c08-8B7A-83BB121AAD01}</UniqueIdentifier>
      <Extensions>rc;ico;cur;bmp;dlg;rc2;rct;bin;rgs;gif;jpg;jpeg;jpe;resx;tiff;tif;png;wav;mfcribbon-ms</Extensions>
    </Filter>
  </ItemGroup>
  <ItemGroup>
    <ClCompile Include="Prime.cpp">
      <Filter>Source Files</Filter>
    </ClCompile>
    <ClCompile Include="Prime2.cpp">
      <Filter>Source Files</Filter>
    </ClCompile>
    <ClCompile Include="Life_Universe_And_Everything.cpp">
      <Filter>Source Files</Filter>
    </ClCompile>
    <ClCompile Include="Tranform_the_expression.cpp">
      <Filter>Source Files</Filter>
    </ClCompile>
    <ClCompile Include="The_Next_Palindrome.cpp">
      <Filter>Source Files</Filter>
    </ClCompile>
    <ClCompile Include="Basic_Data_Structures.cpp">
      <Filter>Source Files</Filter>
    </ClCompile>
    <ClCompile Include="SRM_144_Div1_300.cpp">
      <Filter>Source Files</Filter>
    </ClCompile>
    <ClCompile Include="SRM_144_Div1_550.cpp">
      <Filter>Source Files</Filter>
    </ClCompile>
    <ClCompile Include="SRM_144_Div2_200.cpp">
      <Filter>Source Files</Filter>
    </ClCompile>
    <ClCompile Include="SRM_144_Div2_550.cpp">
      <Filter>Source Files</Filter>
    </ClCompile>
    <ClCompile Include="Delete_Node.cpp">
      <Filter>Source Files</Filter>
    </ClCompile>
    <ClCompile Include="Cake_Thief.cpp">
      <Filter>Source Files</Filter>
    </ClCompile>
    <ClCompile Include="Rand5_To_Rand7.cpp">
      <Filter>Source Files</Filter>
    </ClCompile>
    <ClCompile Include="Trade_Apple_Stock.cpp">
      <Filter>Source Files</Filter>
    </ClCompile>
    <ClCompile Include="Merging_Ranges.cpp">
      <Filter>Source Files</Filter>
    </ClCompile>
    <ClCompile Include="Product_of_Other_Numbers.cpp">
      <Filter>Source Files</Filter>
    </ClCompile>
    <ClCompile Include="Shuffle_Array.cpp">
      <Filter>Source Files</Filter>
    </ClCompile>
    <ClCompile Include="Reverse_Linkedlist.cpp">
      <Filter>Source Files</Filter>
    </ClCompile>
    <ClCompile Include="Overlap_Rectangle.cpp">
      <Filter>Source Files</Filter>
    </ClCompile>
    <ClCompile Include="Rotation_Point.cpp">
      <Filter>Source Files</Filter>
    </ClCompile>
    <ClCompile Include="Inflight_Entertainment.cpp">
      <Filter>Source Files</Filter>
    </ClCompile>
    <ClCompile Include="Find_Duplicates.cpp">
      <Filter>Source Files</Filter>
    </ClCompile>
    <ClCompile Include="HelperMethod.cpp">
      <Filter>Source Files</Filter>
    </ClCompile>
    <ClCompile Include="HelperMethod.h">
      <Filter>Header Files</Filter>
    </ClCompile>
    <ClCompile Include="String_Permutation.cpp">
      <Filter>Source Files</Filter>
    </ClCompile>
    <ClCompile Include="Match_Parenthesis.cpp">
      <Filter>Source Files</Filter>
    </ClCompile>
    <ClCompile Include="BinarySearchTree.cpp">
      <Filter>Source Files</Filter>
    </ClCompile>
    <ClCompile Include="Princess_Farida_DP.cpp">
      <Filter>Source Files</Filter>
    </ClCompile>
    <ClCompile Include="LinkedList.cpp">
      <Filter>Source Files</Filter>
    </ClCompile>
    <ClCompile Include="TowerOfHanoi.cpp">
      <Filter>Source Files</Filter>
    </ClCompile>
    <ClCompile Include="Heap.cpp">
      <Filter>Source Files</Filter>
    </ClCompile>
    <ClCompile Include="Next_Greater_Elements.cpp">
      <Filter>Source Files</Filter>
    </ClCompile>
    <ClCompile Include="Evaluation_of_postfix.cpp">
      <Filter>Source Files</Filter>
    </ClCompile>
    <ClCompile Include="InfixToPostfix.cpp">
      <Filter>Source Files</Filter>
    </ClCompile>
    <ClCompile Include="PrintAllStringPermutation.cpp">
      <Filter>Source Files</Filter>
    </ClCompile>
    <ClCompile Include="Maximum_All_Subarray_Sizek.cpp">
      <Filter>Source Files</Filter>
    </ClCompile>
    <ClCompile Include="SortNearlySortedArray.cpp">
      <Filter>Source Files</Filter>
    </ClCompile>
    <ClCompile Include="LongestConsecutivePath.cpp">
      <Filter>Source Files</Filter>
    </ClCompile>
    <ClCompile Include="SRM_147_Div1_350.cpp">
      <Filter>Source Files</Filter>
    </ClCompile>
    <ClCompile Include="BinaryTree.cpp">
      <Filter>Source Files</Filter>
    </ClCompile>
    <ClCompile Include="Shortest_chain_to_reach_target_word.cpp">
      <Filter>Source Files</Filter>
    </ClCompile>
    <ClCompile Include="Recursion_DP_Cracking_CI.cpp">
      <Filter>Source Files</Filter>
    </ClCompile>
    <ClCompile Include="Misc.cpp">
      <Filter>Source Files</Filter>
    </ClCompile>
    <ClCompile Include="Search_And_Sort.cpp">
      <Filter>Source Files</Filter>
    </ClCompile>
    <ClCompile Include="Greedy_Algorithms.cpp">
      <Filter>Source Files</Filter>
    </ClCompile>
    <ClCompile Include="DynamicProgramming.cpp">
      <Filter>Source Files</Filter>
    </ClCompile>
    <ClCompile Include="BackTracking.cpp">
      <Filter>Source Files</Filter>
    </ClCompile>
    <ClCompile Include="Graph.cpp">
      <Filter>Source Files</Filter>
    </ClCompile>
    <ClCompile Include="GeneralAlgorithms.cpp">
      <Filter>Source Files</Filter>
    </ClCompile>
  </ItemGroup>
</Project>